version = 1
requires-python = "==3.9.*"

[[package]]
name = "numpy"
version = "1.26.4"
source = { registry = "https://pypi.org/simple" }
sdist = { url = "https://files.pythonhosted.org/packages/65/6e/09db70a523a96d25e115e71cc56a6f9031e7b8cd166c1ac8438307c14058/numpy-1.26.4.tar.gz", hash = "sha256:2a02aba9ed12e4ac4eb3ea9421c420301a0c6460d9830d74a9df87efa4912010", size = 15786129 }
wheels = [
    { url = "https://files.pythonhosted.org/packages/7d/24/ce71dc08f06534269f66e73c04f5709ee024a1afe92a7b6e1d73f158e1f8/numpy-1.26.4-cp39-cp39-macosx_10_9_x86_64.whl", hash = "sha256:7349ab0fa0c429c82442a27a9673fc802ffdb7c7775fad780226cb234965e53c", size = 20636301 },
    { url = "https://files.pythonhosted.org/packages/ae/8c/ab03a7c25741f9ebc92684a20125fbc9fc1b8e1e700beb9197d750fdff88/numpy-1.26.4-cp39-cp39-macosx_11_0_arm64.whl", hash = "sha256:52b8b60467cd7dd1e9ed082188b4e6bb35aa5cdd01777621a1658910745b90be", size = 13971216 },
    { url = "https://files.pythonhosted.org/packages/6d/64/c3bcdf822269421d85fe0d64ba972003f9bb4aa9a419da64b86856c9961f/numpy-1.26.4-cp39-cp39-manylinux_2_17_aarch64.manylinux2014_aarch64.whl", hash = "sha256:d5241e0a80d808d70546c697135da2c613f30e28251ff8307eb72ba696945764", size = 14226281 },
    { url = "https://files.pythonhosted.org/packages/54/30/c2a907b9443cf42b90c17ad10c1e8fa801975f01cb9764f3f8eb8aea638b/numpy-1.26.4-cp39-cp39-manylinux_2_17_x86_64.manylinux2014_x86_64.whl", hash = "sha256:f870204a840a60da0b12273ef34f7051e98c3b5961b61b0c2c1be6dfd64fbcd3", size = 18249516 },
    { url = "https://files.pythonhosted.org/packages/43/12/01a563fc44c07095996d0129b8899daf89e4742146f7044cdbdb3101c57f/numpy-1.26.4-cp39-cp39-musllinux_1_1_aarch64.whl", hash = "sha256:679b0076f67ecc0138fd2ede3a8fd196dddc2ad3254069bcb9faf9a79b1cebcd", size = 13882132 },
    { url = "https://files.pythonhosted.org/packages/16/ee/9df80b06680aaa23fc6c31211387e0db349e0e36d6a63ba3bd78c5acdf11/numpy-1.26.4-cp39-cp39-musllinux_1_1_x86_64.whl", hash = "sha256:47711010ad8555514b434df65f7d7b076bb8261df1ca9bb78f53d3b2db02e95c", size = 18084181 },
    { url = "https://files.pythonhosted.org/packages/28/7d/4b92e2fe20b214ffca36107f1a3e75ef4c488430e64de2d9af5db3a4637d/numpy-1.26.4-cp39-cp39-win32.whl", hash = "sha256:a354325ee03388678242a4d7ebcd08b5c727033fcff3b2f536aea978e15ee9e6", size = 5976360 },
    { url = "https://files.pythonhosted.org/packages/b5/42/054082bd8220bbf6f297f982f0a8f5479fcbc55c8b511d928df07b965869/numpy-1.26.4-cp39-cp39-win_amd64.whl", hash = "sha256:3373d5d70a5fe74a2c1bb6d2cfd9609ecf686d47a2d7b1d37a8f3b6bf6003aea", size = 15814633 },
    { url = "https://files.pythonhosted.org/packages/3f/72/3df6c1c06fc83d9cfe381cccb4be2532bbd38bf93fbc9fad087b6687f1c0/numpy-1.26.4-pp39-pypy39_pp73-macosx_10_9_x86_64.whl", hash = "sha256:afedb719a9dcfc7eaf2287b839d8198e06dcd4cb5d276a3df279231138e83d30", size = 20455961 },
    { url = "https://files.pythonhosted.org/packages/8e/02/570545bac308b58ffb21adda0f4e220ba716fb658a63c151daecc3293350/numpy-1.26.4-pp39-pypy39_pp73-manylinux_2_17_x86_64.manylinux2014_x86_64.whl", hash = "sha256:95a7476c59002f2f6c590b9b7b998306fba6a5aa646b1e22ddfeaf8f78c3a29c", size = 18061071 },
    { url = "https://files.pythonhosted.org/packages/f4/5f/fafd8c51235f60d49f7a88e2275e13971e90555b67da52dd6416caec32fe/numpy-1.26.4-pp39-pypy39_pp73-win_amd64.whl", hash = "sha256:7e50d0a0cc3189f9cb0aeb3a6a6af18c16f59f004b866cd2be1c14b36134a4a0", size = 15709730 },
]

[[package]]
name = "pillow"
version = "11.1.0"
source = { registry = "https://pypi.org/simple" }
sdist = { url = "https://files.pythonhosted.org/packages/f3/af/c097e544e7bd278333db77933e535098c259609c4eb3b85381109602fb5b/pillow-11.1.0.tar.gz", hash = "sha256:368da70808b36d73b4b390a8ffac11069f8a5c85f29eff1f1b01bcf3ef5b2a20", size = 46742715 }
wheels = [
    { url = "https://files.pythonhosted.org/packages/9a/1f/9df5ac77491fddd2e36c352d16976dc11fbe6ab842f5df85fd7e31b847b9/pillow-11.1.0-cp39-cp39-macosx_10_10_x86_64.whl", hash = "sha256:bf902d7413c82a1bfa08b06a070876132a5ae6b2388e2712aab3a7cbc02205c6", size = 3229995 },
    { url = "https://files.pythonhosted.org/packages/a6/62/c7b359e924dca274173b04922ac06aa63614f7e934d132f2fe1d852509aa/pillow-11.1.0-cp39-cp39-macosx_11_0_arm64.whl", hash = "sha256:c1eec9d950b6fe688edee07138993e54ee4ae634c51443cfb7c1e7613322718e", size = 3101890 },
    { url = "https://files.pythonhosted.org/packages/7b/63/136f21340a434de895b62bcf2c386005a8aa24066c4facd619f5e0e9f283/pillow-11.1.0-cp39-cp39-manylinux_2_17_aarch64.manylinux2014_aarch64.whl", hash = "sha256:8e275ee4cb11c262bd108ab2081f750db2a1c0b8c12c1897f27b160c8bd57bbc", size = 4310366 },
    { url = "https://files.pythonhosted.org/packages/f6/46/0bd0ca03d9d1164a7fa33d285ef6d1c438e963d0c8770e4c5b3737ef5abe/pillow-11.1.0-cp39-cp39-manylinux_2_17_x86_64.manylinux2014_x86_64.whl", hash = "sha256:4db853948ce4e718f2fc775b75c37ba2efb6aaea41a1a5fc57f0af59eee774b2", size = 4391582 },
    { url = "https://files.pythonhosted.org/packages/0c/55/f182db572b28bd833b8e806f933f782ceb2df64c40e4d8bd3d4226a46eca/pillow-11.1.0-cp39-cp39-manylinux_2_28_aarch64.whl", hash = "sha256:ab8a209b8485d3db694fa97a896d96dd6533d63c22829043fd9de627060beade", size = 4350278 },
    { url = "https://files.pythonhosted.org/packages/75/fb/e330fdbbcbc4744214b5f53b84d9d8a9f4ffbebc2e9c2ac10475386e3296/pillow-11.1.0-cp39-cp39-manylinux_2_28_x86_64.whl", hash = "sha256:54251ef02a2309b5eec99d151ebf5c9904b77976c8abdcbce7891ed22df53884", size = 4471768 },
    { url = "https://files.pythonhosted.org/packages/eb/51/20ee6c4da4448d7a67ffb720a5fcdb965115a78e211a1f58f9845ae15f86/pillow-11.1.0-cp39-cp39-musllinux_1_2_aarch64.whl", hash = "sha256:5bb94705aea800051a743aa4874bb1397d4695fb0583ba5e425ee0328757f196", size = 4276549 },
    { url = "https://files.pythonhosted.org/packages/37/f2/a25c0bdaa6d6fd5cc3d4a6f65b5a7ea46e7af58bee00a98efe0a5af79c58/pillow-11.1.0-cp39-cp39-musllinux_1_2_x86_64.whl", hash = "sha256:89dbdb3e6e9594d512780a5a1c42801879628b38e3efc7038094430844e271d8", size = 4409350 },
    { url = "https://files.pythonhosted.org/packages/12/a7/06687947604cd3e47abeea1b78b65d34ffce7feab03cfe0dd985f115dca3/pillow-11.1.0-cp39-cp39-win32.whl", hash = "sha256:e5449ca63da169a2e6068dd0e2fcc8d91f9558aba89ff6d02121ca8ab11e79e5", size = 2291271 },
    { url = "https://files.pythonhosted.org/packages/21/a6/f51d47675940b5c63b08ff0575b3518428b4acb891f88526fa4ee1edab6f/pillow-11.1.0-cp39-cp39-win_amd64.whl", hash = "sha256:3362c6ca227e65c54bf71a5f88b3d4565ff1bcbc63ae72c34b07bbb1cc59a43f", size = 2625783 },
    { url = "https://files.pythonhosted.org/packages/95/56/97750bd33e68648fa432dfadcb8ede7624bd905822d42262d34bcebdd9d7/pillow-11.1.0-cp39-cp39-win_arm64.whl", hash = "sha256:b20be51b37a75cc54c2c55def3fa2c65bb94ba859dde241cd0a4fd302de5ae0a", size = 2375193 },
]

[[package]]
name = "pycoral"
version = "2.0.0"
source = { url = "https://github.com/google-coral/pycoral/releases/download/v2.0.0/pycoral-2.0.0-cp39-cp39-linux_x86_64.whl" }
dependencies = [
    { name = "numpy" },
    { name = "pillow" },
    { name = "tflite-runtime" },
]
wheels = [
    { url = "https://github.com/google-coral/pycoral/releases/download/v2.0.0/pycoral-2.0.0-cp39-cp39-linux_x86_64.whl", hash = "sha256:77c81c64a99119019c0d65ae9b1af25d2856ab6057dac27d3ea64dac963bef16" },
]

[package.metadata]
requires-dist = [
    { name = "numpy", specifier = ">=1.16.0" },
    { name = "pillow", specifier = ">=4.0.0" },
    { name = "tflite-runtime", specifier = "==2.5.0.post1" },
]

[[package]]
name = "segments-runner"
version = "0.1.5"
source = { editable = "." }
dependencies = [
    { name = "numpy" },
]

[package.optional-dependencies]
coral = [
    { name = "pycoral" },
    { name = "tflite-runtime" },
]

[package.metadata]
requires-dist = [
    { name = "numpy", specifier = "==1.26.4" },
    { name = "pycoral", marker = "extra == 'coral'", url = "https://github.com/google-coral/pycoral/releases/download/v2.0.0/pycoral-2.0.0-cp39-cp39-linux_x86_64.whl" },
    { name = "tflite-runtime", marker = "extra == 'coral'", url = "https://github.com/google-coral/pycoral/releases/download/v2.0.0/tflite_runtime-2.5.0.post1-cp39-cp39-linux_x86_64.whl" },
]

[[package]]
name = "tflite-runtime"
version = "2.5.0.post1"
source = { url = "https://github.com/google-coral/pycoral/releases/download/v2.0.0/tflite_runtime-2.5.0.post1-cp39-cp39-linux_x86_64.whl" }
dependencies = [
    { name = "numpy" },
]
wheels = [
    { url = "https://github.com/google-coral/pycoral/releases/download/v2.0.0/tflite_runtime-2.5.0.post1-cp39-cp39-linux_x86_64.whl", hash = "sha256:132f8c184b99d69e40040d8067eb962d9435cd2579f5563c33b8673d257d353d" },
]

[package.metadata]
requires-dist = [{ name = "numpy", specifier = ">=1.16.0" }]
